{
  "name": "miaodemo",
  "lockfileVersion": 3,
  "requires": true,
  "packages": {
    "": {
      "dependencies": {
        "nodemailer": "^7.0.11",
        "pocketbase": "^0.26.5"
      }
    },
    "node_modules/nodemailer": {
      "version": "7.0.11",
      "resolved": "https://registry.npmjs.org/nodemailer/-/nodemailer-7.0.11.tgz",
      "integrity": "sha512-gnXhNRE0FNhD7wPSCGhdNh46Hs6nm+uTyg+Kq0cZukNQiYdnCsoQjodNP9BQVG9XrcK/v6/MgpAPBUFyzh9pvw==",
      "license": "MIT-0",
      "engines": {
        "node": ">=6.0.0"
      }
    },
    "node_modules/pocketbase": {
      "version": "0.26.5",
      "resolved": "https://registry.npmjs.org/pocketbase/-/pocketbase-0.26.5.tgz",
      "integrity": "sha512-SXcq+sRvVpNxfLxPB1C+8eRatL7ZY4o3EVl/0OdE3MeR9fhPyZt0nmmxLqYmkLvXCN9qp3lXWV/0EUYb3MmMXQ==",
      "license": "MIT"
    }
  }
}
